
Microsoft Visual Studio Solution File, Format Version 12.00
Project("{2150E333-8FDC-42A3-9474-1A3956D46DE8}") = "src", "src", "{226607EB-BCE5-4A88-89DF-B685C7E75F91}"
EndProject
Project("{2150E333-8FDC-42A3-9474-1A3956D46DE8}") = "ApiGateways", "ApiGateways", "{8A183F90-5693-4A19-983B-88C789FC87C1}"
EndProject
Project("{2150E333-8FDC-42A3-9474-1A3956D46DE8}") = "BuildingBlocks", "BuildingBlocks", "{3A594A3C-33E2-46D2-94F1-2921E6A1B2C0}"
EndProject
Project("{2150E333-8FDC-42A3-9474-1A3956D46DE8}") = "Services", "Services", "{8C9AF103-4899-40F5-83D3-10E4999B757B}"
EndProject
Project("{2150E333-8FDC-42A3-9474-1A3956D46DE8}") = "Cliets", "Cliets", "{38BF6E91-7823-472C-930B-F1C78EE0B4CA}"
EndProject
Project("{2150E333-8FDC-42A3-9474-1A3956D46DE8}") = "WebApiGateway", "WebApiGateway", "{133C0909-F824-474F-9137-4C75DF569735}"
EndProject
Project("{FAE04EC0-301F-11D3-BF4B-00C04F79EFBC}") = "Web.ApiGateway", "src\ApiGateways\WebApiGateway\Web.ApiGateway\Web.ApiGateway.csproj", "{C15EB91D-EBF9-4975-AD88-98A6125E1B18}"
EndProject
Project("{2150E333-8FDC-42A3-9474-1A3956D46DE8}") = "EventBus", "EventBus", "{DAA45E76-CD77-4671-8737-E1F4A784E8EF}"
EndProject
Project("{FAE04EC0-301F-11D3-BF4B-00C04F79EFBC}") = "EventBus.Base", "src\BuildingBlocks\EventBus\EventBus.Base\EventBus.Base.csproj", "{50C3682A-C937-4EBD-8113-68C7BA1C1341}"
EndProject
Project("{FAE04EC0-301F-11D3-BF4B-00C04F79EFBC}") = "EventBus.Factory", "src\BuildingBlocks\EventBus\EventBus.Factory\EventBus.Factory.csproj", "{67459B83-C3D5-404B-BA04-E47EEBADF98A}"
EndProject
Project("{FAE04EC0-301F-11D3-BF4B-00C04F79EFBC}") = "EventBus.AzureServiceBus", "src\BuildingBlocks\EventBus\EventBus.AzureServiceBus\EventBus.AzureServiceBus.csproj", "{620ED65E-4DF1-4563-A84A-02F4B61EE0A3}"
EndProject
Project("{FAE04EC0-301F-11D3-BF4B-00C04F79EFBC}") = "EventBus.RabbitMQ", "src\BuildingBlocks\EventBus\EventBus.RabbitMQ\EventBus.RabbitMQ.csproj", "{3892E228-9983-4206-8217-D774947CD46D}"
EndProject
Project("{2150E333-8FDC-42A3-9474-1A3956D46DE8}") = "BlazorWebApp", "BlazorWebApp", "{1132FE20-9280-4909-99B4-52CF63C7E04E}"
EndProject
Project("{FAE04EC0-301F-11D3-BF4B-00C04F79EFBC}") = "WebApp", "src\Clients\BlazorWebApp\WebApp\WebApp.csproj", "{66831DA4-1261-4D83-BD3B-88D6260F927A}"
EndProject
Project("{2150E333-8FDC-42A3-9474-1A3956D46DE8}") = "BasketService", "BasketService", "{23DDBCCC-E7EA-45BE-90B6-A98444496FFA}"
EndProject
Project("{FAE04EC0-301F-11D3-BF4B-00C04F79EFBC}") = "BasketService.Api", "src\Services\BasketService\BasketService.Api\BasketService.Api.csproj", "{47207A17-470C-4D13-AFC3-A9828B0C3D7D}"
EndProject
Project("{2150E333-8FDC-42A3-9474-1A3956D46DE8}") = "CatalogService", "CatalogService", "{FF3A0F4D-286A-491F-BFCE-C52548D3676E}"
EndProject
Project("{FAE04EC0-301F-11D3-BF4B-00C04F79EFBC}") = "CatalogService.Api", "src\Services\CatalogService\CatalogService.Api\CatalogService.Api.csproj", "{E19F9823-6B8E-41FD-9696-0D65CC137673}"
EndProject
Project("{2150E333-8FDC-42A3-9474-1A3956D46DE8}") = "IdentityService", "IdentityService", "{54E48F25-AA84-48DA-AA2A-CA1E9E2DAA59}"
EndProject
Project("{FAE04EC0-301F-11D3-BF4B-00C04F79EFBC}") = "IdentityService.Api", "src\Services\IdentityService\IdentityService.Api\IdentityService.Api.csproj", "{960DFB4E-F42F-4F79-8D6F-884FDD2E4C1D}"
EndProject
Project("{2150E333-8FDC-42A3-9474-1A3956D46DE8}") = "NotificationService", "NotificationService", "{C5B6E2EE-F72B-4B93-9688-5047DD43DCCC}"
EndProject
Project("{FAE04EC0-301F-11D3-BF4B-00C04F79EFBC}") = "NotificationService", "src\Services\NotificationService\NotificationService\NotificationService.csproj", "{01635C77-057B-4C2F-B6EF-AA81A9D32FDE}"
EndProject
Project("{2150E333-8FDC-42A3-9474-1A3956D46DE8}") = "OrderService", "OrderService", "{26FA0C0A-5708-41D7-AC49-9331DB057A28}"
EndProject
Project("{FAE04EC0-301F-11D3-BF4B-00C04F79EFBC}") = "OrderService.Domain", "src\Services\OrderService\OrderService.Domain\OrderService.Domain.csproj", "{7B83C334-F259-460F-B4F0-89BB458207B5}"
EndProject
Project("{FAE04EC0-301F-11D3-BF4B-00C04F79EFBC}") = "OrderService.Application", "src\Services\OrderService\OrderService.Application\OrderService.Application.csproj", "{56B3B2B1-93FB-4C64-8329-CD25508101BF}"
EndProject
Project("{FAE04EC0-301F-11D3-BF4B-00C04F79EFBC}") = "OrderService.Infrastructure", "src\Services\OrderService\OrderService.Infrastructure\OrderService.Infrastructure.csproj", "{37019B50-AD45-4208-9C8F-8AC53E07A738}"
EndProject
Project("{FAE04EC0-301F-11D3-BF4B-00C04F79EFBC}") = "OrderService.Api", "src\Services\OrderService\OrderService.Api\OrderService.Api.csproj", "{0572115C-1AD0-4C4A-A2EC-76FE853F5E59}"
EndProject
Project("{2150E333-8FDC-42A3-9474-1A3956D46DE8}") = "PaymentService", "PaymentService", "{25C4FEAB-B2D7-4B3A-B0B8-7824C5B9DC36}"
EndProject
Project("{FAE04EC0-301F-11D3-BF4B-00C04F79EFBC}") = "PaymentService.Api", "src\Services\PaymentService\PaymentService.Api\PaymentService.Api.csproj", "{8E3A8F76-FCE3-4A85-B3F9-B84B1295660C}"
EndProject
Global
	GlobalSection(SolutionConfigurationPlatforms) = preSolution
		Debug|Any CPU = Debug|Any CPU
		Release|Any CPU = Release|Any CPU
	EndGlobalSection
	GlobalSection(ProjectConfigurationPlatforms) = postSolution
		{C15EB91D-EBF9-4975-AD88-98A6125E1B18}.Debug|Any CPU.ActiveCfg = Debug|Any CPU
		{C15EB91D-EBF9-4975-AD88-98A6125E1B18}.Debug|Any CPU.Build.0 = Debug|Any CPU
		{C15EB91D-EBF9-4975-AD88-98A6125E1B18}.Release|Any CPU.ActiveCfg = Release|Any CPU
		{C15EB91D-EBF9-4975-AD88-98A6125E1B18}.Release|Any CPU.Build.0 = Release|Any CPU
		{50C3682A-C937-4EBD-8113-68C7BA1C1341}.Debug|Any CPU.ActiveCfg = Debug|Any CPU
		{50C3682A-C937-4EBD-8113-68C7BA1C1341}.Debug|Any CPU.Build.0 = Debug|Any CPU
		{50C3682A-C937-4EBD-8113-68C7BA1C1341}.Release|Any CPU.ActiveCfg = Release|Any CPU
		{50C3682A-C937-4EBD-8113-68C7BA1C1341}.Release|Any CPU.Build.0 = Release|Any CPU
		{67459B83-C3D5-404B-BA04-E47EEBADF98A}.Debug|Any CPU.ActiveCfg = Debug|Any CPU
		{67459B83-C3D5-404B-BA04-E47EEBADF98A}.Debug|Any CPU.Build.0 = Debug|Any CPU
		{67459B83-C3D5-404B-BA04-E47EEBADF98A}.Release|Any CPU.ActiveCfg = Release|Any CPU
		{67459B83-C3D5-404B-BA04-E47EEBADF98A}.Release|Any CPU.Build.0 = Release|Any CPU
		{620ED65E-4DF1-4563-A84A-02F4B61EE0A3}.Debug|Any CPU.ActiveCfg = Debug|Any CPU
		{620ED65E-4DF1-4563-A84A-02F4B61EE0A3}.Debug|Any CPU.Build.0 = Debug|Any CPU
		{620ED65E-4DF1-4563-A84A-02F4B61EE0A3}.Release|Any CPU.ActiveCfg = Release|Any CPU
		{620ED65E-4DF1-4563-A84A-02F4B61EE0A3}.Release|Any CPU.Build.0 = Release|Any CPU
		{3892E228-9983-4206-8217-D774947CD46D}.Debug|Any CPU.ActiveCfg = Debug|Any CPU
		{3892E228-9983-4206-8217-D774947CD46D}.Debug|Any CPU.Build.0 = Debug|Any CPU
		{3892E228-9983-4206-8217-D774947CD46D}.Release|Any CPU.ActiveCfg = Release|Any CPU
		{3892E228-9983-4206-8217-D774947CD46D}.Release|Any CPU.Build.0 = Release|Any CPU
		{66831DA4-1261-4D83-BD3B-88D6260F927A}.Debug|Any CPU.ActiveCfg = Debug|Any CPU
		{66831DA4-1261-4D83-BD3B-88D6260F927A}.Debug|Any CPU.Build.0 = Debug|Any CPU
		{66831DA4-1261-4D83-BD3B-88D6260F927A}.Release|Any CPU.ActiveCfg = Release|Any CPU
		{66831DA4-1261-4D83-BD3B-88D6260F927A}.Release|Any CPU.Build.0 = Release|Any CPU
		{47207A17-470C-4D13-AFC3-A9828B0C3D7D}.Debug|Any CPU.ActiveCfg = Debug|Any CPU
		{47207A17-470C-4D13-AFC3-A9828B0C3D7D}.Debug|Any CPU.Build.0 = Debug|Any CPU
		{47207A17-470C-4D13-AFC3-A9828B0C3D7D}.Release|Any CPU.ActiveCfg = Release|Any CPU
		{47207A17-470C-4D13-AFC3-A9828B0C3D7D}.Release|Any CPU.Build.0 = Release|Any CPU
		{E19F9823-6B8E-41FD-9696-0D65CC137673}.Debug|Any CPU.ActiveCfg = Debug|Any CPU
		{E19F9823-6B8E-41FD-9696-0D65CC137673}.Debug|Any CPU.Build.0 = Debug|Any CPU
		{E19F9823-6B8E-41FD-9696-0D65CC137673}.Release|Any CPU.ActiveCfg = Release|Any CPU
		{E19F9823-6B8E-41FD-9696-0D65CC137673}.Release|Any CPU.Build.0 = Release|Any CPU
		{960DFB4E-F42F-4F79-8D6F-884FDD2E4C1D}.Debug|Any CPU.ActiveCfg = Debug|Any CPU
		{960DFB4E-F42F-4F79-8D6F-884FDD2E4C1D}.Debug|Any CPU.Build.0 = Debug|Any CPU
		{960DFB4E-F42F-4F79-8D6F-884FDD2E4C1D}.Release|Any CPU.ActiveCfg = Release|Any CPU
		{960DFB4E-F42F-4F79-8D6F-884FDD2E4C1D}.Release|Any CPU.Build.0 = Release|Any CPU
		{01635C77-057B-4C2F-B6EF-AA81A9D32FDE}.Debug|Any CPU.ActiveCfg = Debug|Any CPU
		{01635C77-057B-4C2F-B6EF-AA81A9D32FDE}.Debug|Any CPU.Build.0 = Debug|Any CPU
		{01635C77-057B-4C2F-B6EF-AA81A9D32FDE}.Release|Any CPU.ActiveCfg = Release|Any CPU
		{01635C77-057B-4C2F-B6EF-AA81A9D32FDE}.Release|Any CPU.Build.0 = Release|Any CPU
		{7B83C334-F259-460F-B4F0-89BB458207B5}.Debug|Any CPU.ActiveCfg = Debug|Any CPU
		{7B83C334-F259-460F-B4F0-89BB458207B5}.Debug|Any CPU.Build.0 = Debug|Any CPU
		{7B83C334-F259-460F-B4F0-89BB458207B5}.Release|Any CPU.ActiveCfg = Release|Any CPU
		{7B83C334-F259-460F-B4F0-89BB458207B5}.Release|Any CPU.Build.0 = Release|Any CPU
		{56B3B2B1-93FB-4C64-8329-CD25508101BF}.Debug|Any CPU.ActiveCfg = Debug|Any CPU
		{56B3B2B1-93FB-4C64-8329-CD25508101BF}.Debug|Any CPU.Build.0 = Debug|Any CPU
		{56B3B2B1-93FB-4C64-8329-CD25508101BF}.Release|Any CPU.ActiveCfg = Release|Any CPU
		{56B3B2B1-93FB-4C64-8329-CD25508101BF}.Release|Any CPU.Build.0 = Release|Any CPU
		{37019B50-AD45-4208-9C8F-8AC53E07A738}.Debug|Any CPU.ActiveCfg = Debug|Any CPU
		{37019B50-AD45-4208-9C8F-8AC53E07A738}.Debug|Any CPU.Build.0 = Debug|Any CPU
		{37019B50-AD45-4208-9C8F-8AC53E07A738}.Release|Any CPU.ActiveCfg = Release|Any CPU
		{37019B50-AD45-4208-9C8F-8AC53E07A738}.Release|Any CPU.Build.0 = Release|Any CPU
		{0572115C-1AD0-4C4A-A2EC-76FE853F5E59}.Debug|Any CPU.ActiveCfg = Debug|Any CPU
		{0572115C-1AD0-4C4A-A2EC-76FE853F5E59}.Debug|Any CPU.Build.0 = Debug|Any CPU
		{0572115C-1AD0-4C4A-A2EC-76FE853F5E59}.Release|Any CPU.ActiveCfg = Release|Any CPU
		{0572115C-1AD0-4C4A-A2EC-76FE853F5E59}.Release|Any CPU.Build.0 = Release|Any CPU
		{8E3A8F76-FCE3-4A85-B3F9-B84B1295660C}.Debug|Any CPU.ActiveCfg = Debug|Any CPU
		{8E3A8F76-FCE3-4A85-B3F9-B84B1295660C}.Debug|Any CPU.Build.0 = Debug|Any CPU
		{8E3A8F76-FCE3-4A85-B3F9-B84B1295660C}.Release|Any CPU.ActiveCfg = Release|Any CPU
		{8E3A8F76-FCE3-4A85-B3F9-B84B1295660C}.Release|Any CPU.Build.0 = Release|Any CPU
	EndGlobalSection
	GlobalSection(NestedProjects) = preSolution
		{8A183F90-5693-4A19-983B-88C789FC87C1} = {226607EB-BCE5-4A88-89DF-B685C7E75F91}
		{3A594A3C-33E2-46D2-94F1-2921E6A1B2C0} = {226607EB-BCE5-4A88-89DF-B685C7E75F91}
		{8C9AF103-4899-40F5-83D3-10E4999B757B} = {226607EB-BCE5-4A88-89DF-B685C7E75F91}
		{38BF6E91-7823-472C-930B-F1C78EE0B4CA} = {226607EB-BCE5-4A88-89DF-B685C7E75F91}
		{133C0909-F824-474F-9137-4C75DF569735} = {8A183F90-5693-4A19-983B-88C789FC87C1}
		{C15EB91D-EBF9-4975-AD88-98A6125E1B18} = {133C0909-F824-474F-9137-4C75DF569735}
		{DAA45E76-CD77-4671-8737-E1F4A784E8EF} = {3A594A3C-33E2-46D2-94F1-2921E6A1B2C0}
		{50C3682A-C937-4EBD-8113-68C7BA1C1341} = {DAA45E76-CD77-4671-8737-E1F4A784E8EF}
		{67459B83-C3D5-404B-BA04-E47EEBADF98A} = {DAA45E76-CD77-4671-8737-E1F4A784E8EF}
		{620ED65E-4DF1-4563-A84A-02F4B61EE0A3} = {DAA45E76-CD77-4671-8737-E1F4A784E8EF}
		{3892E228-9983-4206-8217-D774947CD46D} = {DAA45E76-CD77-4671-8737-E1F4A784E8EF}
		{1132FE20-9280-4909-99B4-52CF63C7E04E} = {38BF6E91-7823-472C-930B-F1C78EE0B4CA}
		{66831DA4-1261-4D83-BD3B-88D6260F927A} = {1132FE20-9280-4909-99B4-52CF63C7E04E}
		{23DDBCCC-E7EA-45BE-90B6-A98444496FFA} = {8C9AF103-4899-40F5-83D3-10E4999B757B}
		{47207A17-470C-4D13-AFC3-A9828B0C3D7D} = {23DDBCCC-E7EA-45BE-90B6-A98444496FFA}
		{FF3A0F4D-286A-491F-BFCE-C52548D3676E} = {8C9AF103-4899-40F5-83D3-10E4999B757B}
		{E19F9823-6B8E-41FD-9696-0D65CC137673} = {FF3A0F4D-286A-491F-BFCE-C52548D3676E}
		{54E48F25-AA84-48DA-AA2A-CA1E9E2DAA59} = {8C9AF103-4899-40F5-83D3-10E4999B757B}
		{960DFB4E-F42F-4F79-8D6F-884FDD2E4C1D} = {54E48F25-AA84-48DA-AA2A-CA1E9E2DAA59}
		{C5B6E2EE-F72B-4B93-9688-5047DD43DCCC} = {8C9AF103-4899-40F5-83D3-10E4999B757B}
		{01635C77-057B-4C2F-B6EF-AA81A9D32FDE} = {C5B6E2EE-F72B-4B93-9688-5047DD43DCCC}
		{26FA0C0A-5708-41D7-AC49-9331DB057A28} = {8C9AF103-4899-40F5-83D3-10E4999B757B}
		{7B83C334-F259-460F-B4F0-89BB458207B5} = {26FA0C0A-5708-41D7-AC49-9331DB057A28}
		{56B3B2B1-93FB-4C64-8329-CD25508101BF} = {26FA0C0A-5708-41D7-AC49-9331DB057A28}
		{37019B50-AD45-4208-9C8F-8AC53E07A738} = {26FA0C0A-5708-41D7-AC49-9331DB057A28}
		{0572115C-1AD0-4C4A-A2EC-76FE853F5E59} = {26FA0C0A-5708-41D7-AC49-9331DB057A28}
		{25C4FEAB-B2D7-4B3A-B0B8-7824C5B9DC36} = {8C9AF103-4899-40F5-83D3-10E4999B757B}
		{8E3A8F76-FCE3-4A85-B3F9-B84B1295660C} = {25C4FEAB-B2D7-4B3A-B0B8-7824C5B9DC36}
	EndGlobalSection
EndGlobal
